
Microsoft Visual Studio Solution File, Format Version 12.00
# Visual Studio Version 17
VisualStudioVersion = 17.7.34018.315
MinimumVisualStudioVersion = 10.0.40219.1
Project("{8BC9CEB8-8B4A-11D0-8D11-00A0C91BC942}") = "files Delete record from file", "files Delete record from file.vcxproj", "{CEE2F846-7111-4AD1-8D71-541B5C0BD963}"
EndProject
Global
	GlobalSection(SolutionConfigurationPlatforms) = preSolution
		Debug|x64 = Debug|x64
		Debug|x86 = Debug|x86
		Release|x64 = Release|x64
		Release|x86 = Release|x86
	EndGlobalSection
	GlobalSection(ProjectConfigurationPlatforms) = postSolution
		{CEE2F846-7111-4AD1-8D71-541B5C0BD963}.Debug|x64.ActiveCfg = Debug|x64
		{CEE2F846-7111-4AD1-8D71-541B5C0BD963}.Debug|x64.Build.0 = Debug|x64
		{CEE2F846-7111-4AD1-8D71-541B5C0BD963}.Debug|x86.ActiveCfg = Debug|Win32
		{CEE2F846-7111-4AD1-8D71-541B5C0BD963}.Debug|x86.Build.0 = Debug|Win32
		{CEE2F846-7111-4AD1-8D71-541B5C0BD963}.Release|x64.ActiveCfg = Release|x64
		{CEE2F846-7111-4AD1-8D71-541B5C0BD963}.Release|x64.Build.0 = Release|x64
		{CEE2F846-7111-4AD1-8D71-541B5C0BD963}.Release|x86.ActiveCfg = Release|Win32
		{CEE2F846-7111-4AD1-8D71-541B5C0BD963}.Release|x86.Build.0 = Release|Win32
	EndGlobalSection
	GlobalSection(SolutionProperties) = preSolution
		HideSolutionNode = FALSE
	EndGlobalSection
	GlobalSection(ExtensibilityGlobals) = postSolution
		SolutionGuid = {02649720-ECD6-4691-820D-BCAC38CADD3D}
	EndGlobalSection
EndGlobal
