
Microsoft Visual Studio Solution File, Format Version 12.00
# Visual Studio Version 17
VisualStudioVersion = 17.7.34018.315
MinimumVisualStudioVersion = 10.0.40219.1
Project("{8BC9CEB8-8B4A-11D0-8D11-00A0C91BC942}") = "Dynamical memory allocation", "Dynamical memory allocation.vcxproj", "{EDD43092-8B79-4057-8EA7-8498076BED9E}"
EndProject
Global
	GlobalSection(SolutionConfigurationPlatforms) = preSolution
		Debug|x64 = Debug|x64
		Debug|x86 = Debug|x86
		Release|x64 = Release|x64
		Release|x86 = Release|x86
	EndGlobalSection
	GlobalSection(ProjectConfigurationPlatforms) = postSolution
		{EDD43092-8B79-4057-8EA7-8498076BED9E}.Debug|x64.ActiveCfg = Debug|x64
		{EDD43092-8B79-4057-8EA7-8498076BED9E}.Debug|x64.Build.0 = Debug|x64
		{EDD43092-8B79-4057-8EA7-8498076BED9E}.Debug|x86.ActiveCfg = Debug|Win32
		{EDD43092-8B79-4057-8EA7-8498076BED9E}.Debug|x86.Build.0 = Debug|Win32
		{EDD43092-8B79-4057-8EA7-8498076BED9E}.Release|x64.ActiveCfg = Release|x64
		{EDD43092-8B79-4057-8EA7-8498076BED9E}.Release|x64.Build.0 = Release|x64
		{EDD43092-8B79-4057-8EA7-8498076BED9E}.Release|x86.ActiveCfg = Release|Win32
		{EDD43092-8B79-4057-8EA7-8498076BED9E}.Release|x86.Build.0 = Release|Win32
	EndGlobalSection
	GlobalSection(SolutionProperties) = preSolution
		HideSolutionNode = FALSE
	EndGlobalSection
	GlobalSection(ExtensibilityGlobals) = postSolution
		SolutionGuid = {1B1BF359-B2B8-4437-952D-C80E0F8FE2C1}
	EndGlobalSection
EndGlobal
